
Microsoft Visual Studio Solution File, Format Version 12.00
# Visual Studio Version 16
VisualStudioVersion = 16.0.29311.281
MinimumVisualStudioVersion = 10.0.40219.1
Project("{FAE04EC0-301F-11D3-BF4B-00C04F79EFBC}") = "FunctionApp1", "FunctionApp1\FunctionApp1.csproj", "{203C5C27-9905-4A31-A3F5-6C706C0839A2}"
EndProject
Global
	GlobalSection(SolutionConfigurationPlatforms) = preSolution
		Debug|Any CPU = Debug|Any CPU
		Release|Any CPU = Release|Any CPU
	EndGlobalSection
	GlobalSection(ProjectConfigurationPlatforms) = postSolution
		{203C5C27-9905-4A31-A3F5-6C706C0839A2}.Debug|Any CPU.ActiveCfg = Debug|Any CPU
		{203C5C27-9905-4A31-A3F5-6C706C0839A2}.Debug|Any CPU.Build.0 = Debug|Any CPU
		{203C5C27-9905-4A31-A3F5-6C706C0839A2}.Release|Any CPU.ActiveCfg = Release|Any CPU
		{203C5C27-9905-4A31-A3F5-6C706C0839A2}.Release|Any CPU.Build.0 = Release|Any CPU
	EndGlobalSection
	GlobalSection(SolutionProperties) = preSolution
		HideSolutionNode = FALSE
	EndGlobalSection
	GlobalSection(ExtensibilityGlobals) = postSolution
		SolutionGuid = {1C6A1006-BED4-4DB7-9DBA-DF5132DE6A82}
	EndGlobalSection
EndGlobal
