
Microsoft Visual Studio Solution File, Format Version 12.00
# Visual Studio Version 16
VisualStudioVersion = 16.0.29411.138
MinimumVisualStudioVersion = 10.0.40219.1
Project("{FAE04EC0-301F-11D3-BF4B-00C04F79EFBC}") = "SignalR Integration Tests w HubContext", "SignalR Integration Tests w HubContext\SignalR Integration Tests w HubContext.csproj", "{C6961586-0E64-42DB-ADB6-203DAFB42A2A}"
EndProject
Global
	GlobalSection(SolutionConfigurationPlatforms) = preSolution
		Debug|Any CPU = Debug|Any CPU
		Release|Any CPU = Release|Any CPU
	EndGlobalSection
	GlobalSection(ProjectConfigurationPlatforms) = postSolution
		{C6961586-0E64-42DB-ADB6-203DAFB42A2A}.Debug|Any CPU.ActiveCfg = Debug|Any CPU
		{C6961586-0E64-42DB-ADB6-203DAFB42A2A}.Debug|Any CPU.Build.0 = Debug|Any CPU
		{C6961586-0E64-42DB-ADB6-203DAFB42A2A}.Release|Any CPU.ActiveCfg = Release|Any CPU
		{C6961586-0E64-42DB-ADB6-203DAFB42A2A}.Release|Any CPU.Build.0 = Release|Any CPU
	EndGlobalSection
	GlobalSection(SolutionProperties) = preSolution
		HideSolutionNode = FALSE
	EndGlobalSection
	GlobalSection(ExtensibilityGlobals) = postSolution
		SolutionGuid = {D6B9DD43-7875-4D4F-B500-DDDF1E6221B0}
	EndGlobalSection
EndGlobal
