
Microsoft Visual Studio Solution File, Format Version 12.00
# Visual Studio 15
VisualStudioVersion = 15.0.27004.2002
MinimumVisualStudioVersion = 10.0.40219.1
Project("{FAE04EC0-301F-11D3-BF4B-00C04F79EFBC}") = "WebApp AuthFilter", "WebApp AuthFilter\WebApp AuthFilter.csproj", "{8CB89418-9A35-4169-8A19-D12E834B1F77}"
EndProject
Global
	GlobalSection(SolutionConfigurationPlatforms) = preSolution
		Debug|Any CPU = Debug|Any CPU
		Release|Any CPU = Release|Any CPU
	EndGlobalSection
	GlobalSection(ProjectConfigurationPlatforms) = postSolution
		{8CB89418-9A35-4169-8A19-D12E834B1F77}.Debug|Any CPU.ActiveCfg = Debug|Any CPU
		{8CB89418-9A35-4169-8A19-D12E834B1F77}.Debug|Any CPU.Build.0 = Debug|Any CPU
		{8CB89418-9A35-4169-8A19-D12E834B1F77}.Release|Any CPU.ActiveCfg = Release|Any CPU
		{8CB89418-9A35-4169-8A19-D12E834B1F77}.Release|Any CPU.Build.0 = Release|Any CPU
	EndGlobalSection
	GlobalSection(SolutionProperties) = preSolution
		HideSolutionNode = FALSE
	EndGlobalSection
	GlobalSection(ExtensibilityGlobals) = postSolution
		SolutionGuid = {6649707B-981B-49F7-A433-AACE43C3384E}
	EndGlobalSection
EndGlobal
