
Microsoft Visual Studio Solution File, Format Version 12.00
# Visual Studio Version 16
VisualStudioVersion = 16.0.28714.193
MinimumVisualStudioVersion = 10.0.40219.1
Project("{FAE04EC0-301F-11D3-BF4B-00C04F79EFBC}") = "Named Tuple Null Reference", "Named Tuple Null Reference\Named Tuple Null Reference.csproj", "{94F04409-823F-4CF3-9BA7-89194CB86B7B}"
EndProject
Global
	GlobalSection(SolutionConfigurationPlatforms) = preSolution
		Debug|Any CPU = Debug|Any CPU
		Release|Any CPU = Release|Any CPU
	EndGlobalSection
	GlobalSection(ProjectConfigurationPlatforms) = postSolution
		{94F04409-823F-4CF3-9BA7-89194CB86B7B}.Debug|Any CPU.ActiveCfg = Debug|Any CPU
		{94F04409-823F-4CF3-9BA7-89194CB86B7B}.Debug|Any CPU.Build.0 = Debug|Any CPU
		{94F04409-823F-4CF3-9BA7-89194CB86B7B}.Release|Any CPU.ActiveCfg = Release|Any CPU
		{94F04409-823F-4CF3-9BA7-89194CB86B7B}.Release|Any CPU.Build.0 = Release|Any CPU
	EndGlobalSection
	GlobalSection(SolutionProperties) = preSolution
		HideSolutionNode = FALSE
	EndGlobalSection
	GlobalSection(ExtensibilityGlobals) = postSolution
		SolutionGuid = {D3E54932-1818-4245-B2F0-E963B8DAF65F}
	EndGlobalSection
EndGlobal
