
Microsoft Visual Studio Solution File, Format Version 12.00
# Visual Studio 15
VisualStudioVersion = 15.0.27130.2024
MinimumVisualStudioVersion = 10.0.40219.1
Project("{FAE04EC0-301F-11D3-BF4B-00C04F79EFBC}") = "ClassLibrary", "ClassLibrary\ClassLibrary.csproj", "{6FFD0D73-4A90-4EB0-9A60-60C909C653A0}"
EndProject
Project("{FAE04EC0-301F-11D3-BF4B-00C04F79EFBC}") = "ClassLibrary.Tests", "ClassLibrary.Tests\ClassLibrary.Tests.csproj", "{7D0C041A-00CB-4A07-923B-549C2BB47AF9}"
EndProject
Project("{2150E333-8FDC-42A3-9474-1A3956D46DE8}") = "Solution Items", "Solution Items", "{34F111BD-E5AC-4A12-A7AF-B06D07DE795F}"
	ProjectSection(SolutionItems) = preProject
		Readme.md = Readme.md
	EndProjectSection
EndProject
Global
	GlobalSection(SolutionConfigurationPlatforms) = preSolution
		Debug|Any CPU = Debug|Any CPU
		Release|Any CPU = Release|Any CPU
	EndGlobalSection
	GlobalSection(ProjectConfigurationPlatforms) = postSolution
		{6FFD0D73-4A90-4EB0-9A60-60C909C653A0}.Debug|Any CPU.ActiveCfg = Debug|Any CPU
		{6FFD0D73-4A90-4EB0-9A60-60C909C653A0}.Debug|Any CPU.Build.0 = Debug|Any CPU
		{6FFD0D73-4A90-4EB0-9A60-60C909C653A0}.Release|Any CPU.ActiveCfg = Release|Any CPU
		{6FFD0D73-4A90-4EB0-9A60-60C909C653A0}.Release|Any CPU.Build.0 = Release|Any CPU
		{7D0C041A-00CB-4A07-923B-549C2BB47AF9}.Debug|Any CPU.ActiveCfg = Debug|Any CPU
		{7D0C041A-00CB-4A07-923B-549C2BB47AF9}.Debug|Any CPU.Build.0 = Debug|Any CPU
		{7D0C041A-00CB-4A07-923B-549C2BB47AF9}.Release|Any CPU.ActiveCfg = Release|Any CPU
		{7D0C041A-00CB-4A07-923B-549C2BB47AF9}.Release|Any CPU.Build.0 = Release|Any CPU
	EndGlobalSection
	GlobalSection(SolutionProperties) = preSolution
		HideSolutionNode = FALSE
	EndGlobalSection
	GlobalSection(ExtensibilityGlobals) = postSolution
		SolutionGuid = {9B1995B2-B178-463B-9219-235CC88F41FA}
	EndGlobalSection
EndGlobal
