
Microsoft Visual Studio Solution File, Format Version 12.00
# Visual Studio 15
VisualStudioVersion = 15.0.27130.2024
MinimumVisualStudioVersion = 10.0.40219.1
Project("{A07B5EB6-E848-4116-A8D0-A826331D98C6}") = "Application1", "Application1\Application1.sfproj", "{93788D45-BBD8-4DD2-BFB9-433F1182057D}"
EndProject
Project("{FAE04EC0-301F-11D3-BF4B-00C04F79EFBC}") = "Web1", "Web1\Web1.csproj", "{B7F4471C-7FC8-4859-9DF4-27DF13FD7964}"
EndProject
Global
	GlobalSection(SolutionConfigurationPlatforms) = preSolution
		Debug|Any CPU = Debug|Any CPU
		Debug|x64 = Debug|x64
		Release|Any CPU = Release|Any CPU
		Release|x64 = Release|x64
	EndGlobalSection
	GlobalSection(ProjectConfigurationPlatforms) = postSolution
		{93788D45-BBD8-4DD2-BFB9-433F1182057D}.Debug|Any CPU.ActiveCfg = Debug|x64
		{93788D45-BBD8-4DD2-BFB9-433F1182057D}.Debug|x64.ActiveCfg = Debug|x64
		{93788D45-BBD8-4DD2-BFB9-433F1182057D}.Debug|x64.Build.0 = Debug|x64
		{93788D45-BBD8-4DD2-BFB9-433F1182057D}.Debug|x64.Deploy.0 = Debug|x64
		{93788D45-BBD8-4DD2-BFB9-433F1182057D}.Release|Any CPU.ActiveCfg = Release|x64
		{93788D45-BBD8-4DD2-BFB9-433F1182057D}.Release|x64.ActiveCfg = Release|x64
		{93788D45-BBD8-4DD2-BFB9-433F1182057D}.Release|x64.Build.0 = Release|x64
		{93788D45-BBD8-4DD2-BFB9-433F1182057D}.Release|x64.Deploy.0 = Release|x64
		{B7F4471C-7FC8-4859-9DF4-27DF13FD7964}.Debug|Any CPU.ActiveCfg = Debug|Any CPU
		{B7F4471C-7FC8-4859-9DF4-27DF13FD7964}.Debug|Any CPU.Build.0 = Debug|Any CPU
		{B7F4471C-7FC8-4859-9DF4-27DF13FD7964}.Debug|x64.ActiveCfg = Debug|Any CPU
		{B7F4471C-7FC8-4859-9DF4-27DF13FD7964}.Debug|x64.Build.0 = Debug|Any CPU
		{B7F4471C-7FC8-4859-9DF4-27DF13FD7964}.Release|Any CPU.ActiveCfg = Release|Any CPU
		{B7F4471C-7FC8-4859-9DF4-27DF13FD7964}.Release|Any CPU.Build.0 = Release|Any CPU
		{B7F4471C-7FC8-4859-9DF4-27DF13FD7964}.Release|x64.ActiveCfg = Release|Any CPU
		{B7F4471C-7FC8-4859-9DF4-27DF13FD7964}.Release|x64.Build.0 = Release|Any CPU
	EndGlobalSection
	GlobalSection(SolutionProperties) = preSolution
		HideSolutionNode = FALSE
	EndGlobalSection
	GlobalSection(ExtensibilityGlobals) = postSolution
		SolutionGuid = {35E4E2F6-509C-4F4A-9443-033BC794219B}
	EndGlobalSection
EndGlobal
