
Microsoft Visual Studio Solution File, Format Version 12.00
# Visual Studio 15
VisualStudioVersion = 15.0.27004.2002
MinimumVisualStudioVersion = 10.0.40219.1
Project("{9A19103F-16F7-4668-BE54-9A1E7A4F7556}") = "ServerSideRenderTest", "ServerSideRenderTest.csproj", "{8E343E1A-B794-43BA-A9E5-736AA262BB7C}"
EndProject
Global
	GlobalSection(SolutionConfigurationPlatforms) = preSolution
		Debug|Any CPU = Debug|Any CPU
		Release|Any CPU = Release|Any CPU
	EndGlobalSection
	GlobalSection(ProjectConfigurationPlatforms) = postSolution
		{8E343E1A-B794-43BA-A9E5-736AA262BB7C}.Debug|Any CPU.ActiveCfg = Debug|Any CPU
		{8E343E1A-B794-43BA-A9E5-736AA262BB7C}.Debug|Any CPU.Build.0 = Debug|Any CPU
		{8E343E1A-B794-43BA-A9E5-736AA262BB7C}.Release|Any CPU.ActiveCfg = Release|Any CPU
		{8E343E1A-B794-43BA-A9E5-736AA262BB7C}.Release|Any CPU.Build.0 = Release|Any CPU
	EndGlobalSection
	GlobalSection(SolutionProperties) = preSolution
		HideSolutionNode = FALSE
	EndGlobalSection
	GlobalSection(ExtensibilityGlobals) = postSolution
		SolutionGuid = {B49F1EA9-FB09-4DCC-82FF-2948E4BC47A5}
	EndGlobalSection
EndGlobal
